// !$*UTF8*$!
{
	archiveVersion = 1;
	classes = {
	};
	objectVersion = 46;
	objects = {

/* Begin PBXBuildFile section */
		BFAE939102DF81D51795CBD9 /* Pods_SwiftApp.framework in Frameworks */ = {isa = PBXBuildFile; fileRef = 204DB2395246AF2580CCFB4B /* Pods_SwiftApp.framework */; };
		FF0166301EFD58CB00CF4E9F /* MediatorPushViewController.swift in Sources */ = {isa = PBXBuildFile; fileRef = FF01662F1EFD58CB00CF4E9F /* MediatorPushViewController.swift */; };
		FF0166321EFD58E400CF4E9F /* MediatorPresentViewController.swift in Sources */ = {isa = PBXBuildFile; fileRef = FF0166311EFD58E400CF4E9F /* MediatorPresentViewController.swift */; };
		FF0166341EFD5A1500CF4E9F /* MediatorViewHolder.swift in Sources */ = {isa = PBXBuildFile; fileRef = FF0166331EFD5A1500CF4E9F /* MediatorViewHolder.swift */; };
		FF1DCD401EFFB44700582564 /* MediatorSheetViewController.swift in Sources */ = {isa = PBXBuildFile; fileRef = FF1DCD3F1EFFB44700582564 /* MediatorSheetViewController.swift */; };
		FF1DCD421EFFC8CF00582564 /* MediatorKeys.swift in Sources */ = {isa = PBXBuildFile; fileRef = FF1DCD411EFFC8CF00582564 /* MediatorKeys.swift */; };
		FF1FBA991EFCE54900FD4068 /* AppDelegate.swift in Sources */ = {isa = PBXBuildFile; fileRef = FF1FBA981EFCE54900FD4068 /* AppDelegate.swift */; };
		FF1FBA9B1EFCE5BE00FD4068 /* MainViewModel.swift in Sources */ = {isa = PBXBuildFile; fileRef = FF1FBA9A1EFCE5BE00FD4068 /* MainViewModel.swift */; };
		FF1FBAA71EFCEDEE00FD4068 /* MainViewPresenter.swift in Sources */ = {isa = PBXBuildFile; fileRef = FF1FBAA61EFCEDEE00FD4068 /* MainViewPresenter.swift */; };
		FF1FBAC31EFD140500FD4068 /* MainViewController+Bind.swift in Sources */ = {isa = PBXBuildFile; fileRef = FF1FBABF1EFD140500FD4068 /* MainViewController+Bind.swift */; };
		FF1FBAC61EFD140500FD4068 /* MainViewController.swift in Sources */ = {isa = PBXBuildFile; fileRef = FF1FBAC21EFD140500FD4068 /* MainViewController.swift */; };
		FF1FBAC81EFD141F00FD4068 /* MainViewDataSource.swift in Sources */ = {isa = PBXBuildFile; fileRef = FF1FBAC71EFD141F00FD4068 /* MainViewDataSource.swift */; };
		FF1FBACB1EFD24D900FD4068 /* TestItem.swift in Sources */ = {isa = PBXBuildFile; fileRef = FF1FBACA1EFD24D900FD4068 /* TestItem.swift */; };
		FF1FBACE1EFD26BC00FD4068 /* HelloWorldViewController.swift in Sources */ = {isa = PBXBuildFile; fileRef = FF1FBACD1EFD26BC00FD4068 /* HelloWorldViewController.swift */; };
		FF33A4E71F00D9E00052F389 /* ShadowTestViewController.swift in Sources */ = {isa = PBXBuildFile; fileRef = FF33A4E61F00D9E00052F389 /* ShadowTestViewController.swift */; };
		FF33A4E91F00DA940052F389 /* ShadowTestViewHolder.swift in Sources */ = {isa = PBXBuildFile; fileRef = FF33A4E81F00DA940052F389 /* ShadowTestViewHolder.swift */; };
		FF33A4ED1F00E4DB0052F389 /* ShadowTestDataSource.swift in Sources */ = {isa = PBXBuildFile; fileRef = FF33A4EC1F00E4DB0052F389 /* ShadowTestDataSource.swift */; };
		FF53112A1ED0506F0020CA2C /* Assets.xcassets in Resources */ = {isa = PBXBuildFile; fileRef = FF5311291ED0506F0020CA2C /* Assets.xcassets */; };
		FF53112D1ED0506F0020CA2C /* LaunchScreen.storyboard in Resources */ = {isa = PBXBuildFile; fileRef = FF53112B1ED0506F0020CA2C /* LaunchScreen.storyboard */; };
		FF7AC8971F517B9F0049953A /* ReactiveSwfitTest.swift in Sources */ = {isa = PBXBuildFile; fileRef = FF7AC8961F517B9F0049953A /* ReactiveSwfitTest.swift */; };
		FFCB13431FA1BA0E0091E4EE /* SwiftArrayTest.swift in Sources */ = {isa = PBXBuildFile; fileRef = FFCB13421FA1BA0E0091E4EE /* SwiftArrayTest.swift */; };
/* End PBXBuildFile section */

/* Begin PBXCopyFilesBuildPhase section */
		FF1A0CDF1F06332F001B3C9C /* CopyFiles */ = {
			isa = PBXCopyFilesBuildPhase;
			buildActionMask = 12;
			dstPath = "";
			dstSubfolderSpec = 10;
			files = (
			);
			runOnlyForDeploymentPostprocessing = 0;
		};
/* End PBXCopyFilesBuildPhase section */

/* Begin PBXFileReference section */
		204DB2395246AF2580CCFB4B /* Pods_SwiftApp.framework */ = {isa = PBXFileReference; explicitFileType = wrapper.framework; includeInIndex = 0; path = Pods_SwiftApp.framework; sourceTree = BUILT_PRODUCTS_DIR; };
		27E2F2903D70D7C4A35EDB35 /* Pods-SwiftApp.debug.xcconfig */ = {isa = PBXFileReference; includeInIndex = 1; lastKnownFileType = text.xcconfig; name = "Pods-SwiftApp.debug.xcconfig"; path = "Pods/Target Support Files/Pods-SwiftApp/Pods-SwiftApp.debug.xcconfig"; sourceTree = "<group>"; };
		58FD483EFCC30BA60867A2E3 /* Pods-LibWrapper.release.xcconfig */ = {isa = PBXFileReference; includeInIndex = 1; lastKnownFileType = text.xcconfig; name = "Pods-LibWrapper.release.xcconfig"; path = "Pods/Target Support Files/Pods-LibWrapper/Pods-LibWrapper.release.xcconfig"; sourceTree = "<group>"; };
		B0E928E82A7D428FC73EBE18 /* Pods-LibWrapper.debug.xcconfig */ = {isa = PBXFileReference; includeInIndex = 1; lastKnownFileType = text.xcconfig; name = "Pods-LibWrapper.debug.xcconfig"; path = "Pods/Target Support Files/Pods-LibWrapper/Pods-LibWrapper.debug.xcconfig"; sourceTree = "<group>"; };
		D755F741CD990396E418AE4E /* libPods-LibWrapper.a */ = {isa = PBXFileReference; explicitFileType = archive.ar; includeInIndex = 0; path = "libPods-LibWrapper.a"; sourceTree = BUILT_PRODUCTS_DIR; };
		E661AB260D0C965ADF94F3E1 /* Pods-SwiftApp.release.xcconfig */ = {isa = PBXFileReference; includeInIndex = 1; lastKnownFileType = text.xcconfig; name = "Pods-SwiftApp.release.xcconfig"; path = "Pods/Target Support Files/Pods-SwiftApp/Pods-SwiftApp.release.xcconfig"; sourceTree = "<group>"; };
		FF01662F1EFD58CB00CF4E9F /* MediatorPushViewController.swift */ = {isa = PBXFileReference; fileEncoding = 4; lastKnownFileType = sourcecode.swift; path = MediatorPushViewController.swift; sourceTree = "<group>"; };
		FF0166311EFD58E400CF4E9F /* MediatorPresentViewController.swift */ = {isa = PBXFileReference; fileEncoding = 4; lastKnownFileType = sourcecode.swift; path = MediatorPresentViewController.swift; sourceTree = "<group>"; };
		FF0166331EFD5A1500CF4E9F /* MediatorViewHolder.swift */ = {isa = PBXFileReference; fileEncoding = 4; lastKnownFileType = sourcecode.swift; path = MediatorViewHolder.swift; sourceTree = "<group>"; };
		FF1DCD3F1EFFB44700582564 /* MediatorSheetViewController.swift */ = {isa = PBXFileReference; fileEncoding = 4; lastKnownFileType = sourcecode.swift; path = MediatorSheetViewController.swift; sourceTree = "<group>"; };
		FF1DCD411EFFC8CF00582564 /* MediatorKeys.swift */ = {isa = PBXFileReference; fileEncoding = 4; lastKnownFileType = sourcecode.swift; path = MediatorKeys.swift; sourceTree = "<group>"; };
		FF1FBA981EFCE54900FD4068 /* AppDelegate.swift */ = {isa = PBXFileReference; fileEncoding = 4; lastKnownFileType = sourcecode.swift; path = AppDelegate.swift; sourceTree = "<group>"; };
		FF1FBA9A1EFCE5BE00FD4068 /* MainViewModel.swift */ = {isa = PBXFileReference; fileEncoding = 4; lastKnownFileType = sourcecode.swift; path = MainViewModel.swift; sourceTree = "<group>"; };
		FF1FBAA61EFCEDEE00FD4068 /* MainViewPresenter.swift */ = {isa = PBXFileReference; fileEncoding = 4; lastKnownFileType = sourcecode.swift; path = MainViewPresenter.swift; sourceTree = "<group>"; };
		FF1FBABF1EFD140500FD4068 /* MainViewController+Bind.swift */ = {isa = PBXFileReference; fileEncoding = 4; lastKnownFileType = sourcecode.swift; path = "MainViewController+Bind.swift"; sourceTree = "<group>"; };
		FF1FBAC21EFD140500FD4068 /* MainViewController.swift */ = {isa = PBXFileReference; fileEncoding = 4; lastKnownFileType = sourcecode.swift; path = MainViewController.swift; sourceTree = "<group>"; };
		FF1FBAC71EFD141F00FD4068 /* MainViewDataSource.swift */ = {isa = PBXFileReference; fileEncoding = 4; lastKnownFileType = sourcecode.swift; path = MainViewDataSource.swift; sourceTree = "<group>"; };
		FF1FBACA1EFD24D900FD4068 /* TestItem.swift */ = {isa = PBXFileReference; fileEncoding = 4; lastKnownFileType = sourcecode.swift; path = TestItem.swift; sourceTree = "<group>"; };
		FF1FBACD1EFD26BC00FD4068 /* HelloWorldViewController.swift */ = {isa = PBXFileReference; fileEncoding = 4; lastKnownFileType = sourcecode.swift; path = HelloWorldViewController.swift; sourceTree = "<group>"; };
		FF33A4E61F00D9E00052F389 /* ShadowTestViewController.swift */ = {isa = PBXFileReference; fileEncoding = 4; lastKnownFileType = sourcecode.swift; path = ShadowTestViewController.swift; sourceTree = "<group>"; };
		FF33A4E81F00DA940052F389 /* ShadowTestViewHolder.swift */ = {isa = PBXFileReference; fileEncoding = 4; lastKnownFileType = sourcecode.swift; path = ShadowTestViewHolder.swift; sourceTree = "<group>"; };
		FF33A4EC1F00E4DB0052F389 /* ShadowTestDataSource.swift */ = {isa = PBXFileReference; fileEncoding = 4; lastKnownFileType = sourcecode.swift; path = ShadowTestDataSource.swift; sourceTree = "<group>"; };
		FF53111F1ED0506F0020CA2C /* SwiftApp.app */ = {isa = PBXFileReference; explicitFileType = wrapper.application; includeInIndex = 0; path = SwiftApp.app; sourceTree = BUILT_PRODUCTS_DIR; };
		FF5311291ED0506F0020CA2C /* Assets.xcassets */ = {isa = PBXFileReference; lastKnownFileType = folder.assetcatalog; path = Assets.xcassets; sourceTree = "<group>"; };
		FF53112C1ED0506F0020CA2C /* Base */ = {isa = PBXFileReference; lastKnownFileType = file.storyboard; name = Base; path = Base.lproj/LaunchScreen.storyboard; sourceTree = "<group>"; };
		FF53112E1ED0506F0020CA2C /* Info.plist */ = {isa = PBXFileReference; lastKnownFileType = text.plist.xml; path = Info.plist; sourceTree = "<group>"; };
		FF69A0391F06297D006F7674 /* OCBridge.h */ = {isa = PBXFileReference; lastKnownFileType = sourcecode.c.h; path = OCBridge.h; sourceTree = "<group>"; };
		FF69A0621F063266006F7674 /* UIKit.framework */ = {isa = PBXFileReference; lastKnownFileType = wrapper.framework; name = UIKit.framework; path = System/Library/Frameworks/UIKit.framework; sourceTree = SDKROOT; };
		FF7AC8961F517B9F0049953A /* ReactiveSwfitTest.swift */ = {isa = PBXFileReference; fileEncoding = 4; lastKnownFileType = sourcecode.swift; path = ReactiveSwfitTest.swift; sourceTree = "<group>"; };
		FFCB13421FA1BA0E0091E4EE /* SwiftArrayTest.swift */ = {isa = PBXFileReference; lastKnownFileType = sourcecode.swift; path = SwiftArrayTest.swift; sourceTree = "<group>"; };
/* End PBXFileReference section */

/* Begin PBXFrameworksBuildPhase section */
		FF53111C1ED0506F0020CA2C /* Frameworks */ = {
			isa = PBXFrameworksBuildPhase;
			buildActionMask = 2147483647;
			files = (
				BFAE939102DF81D51795CBD9 /* Pods_SwiftApp.framework in Frameworks */,
			);
			runOnlyForDeploymentPostprocessing = 0;
		};
/* End PBXFrameworksBuildPhase section */

/* Begin PBXGroup section */
		4DCF92928E6D8C0E709670BB /* Pods */ = {
			isa = PBXGroup;
			children = (
				27E2F2903D70D7C4A35EDB35 /* Pods-SwiftApp.debug.xcconfig */,
				E661AB260D0C965ADF94F3E1 /* Pods-SwiftApp.release.xcconfig */,
				B0E928E82A7D428FC73EBE18 /* Pods-LibWrapper.debug.xcconfig */,
				58FD483EFCC30BA60867A2E3 /* Pods-LibWrapper.release.xcconfig */,
			);
			name = Pods;
			sourceTree = "<group>";
		};
		D42E6EF9417EB0CDEA13D881 /* Frameworks */ = {
			isa = PBXGroup;
			children = (
				FF69A0621F063266006F7674 /* UIKit.framework */,
				204DB2395246AF2580CCFB4B /* Pods_SwiftApp.framework */,
				D755F741CD990396E418AE4E /* libPods-LibWrapper.a */,
			);
			name = Frameworks;
			sourceTree = "<group>";
		};
		FF01662E1EFD58B800CF4E9F /* MediatorTest */ = {
			isa = PBXGroup;
			children = (
				FF01662F1EFD58CB00CF4E9F /* MediatorPushViewController.swift */,
				FF0166311EFD58E400CF4E9F /* MediatorPresentViewController.swift */,
				FF0166331EFD5A1500CF4E9F /* MediatorViewHolder.swift */,
				FF1DCD3F1EFFB44700582564 /* MediatorSheetViewController.swift */,
				FF1DCD411EFFC8CF00582564 /* MediatorKeys.swift */,
			);
			path = MediatorTest;
			sourceTree = "<group>";
		};
		FF1FBA8F1EFCBEE500FD4068 /* CustomLibrary */ = {
			isa = PBXGroup;
			children = (
				FF01662E1EFD58B800CF4E9F /* MediatorTest */,
			);
			name = CustomLibrary;
			path = UI/CustomLibrary;
			sourceTree = "<group>";
		};
		FF1FBA901EFCBEE500FD4068 /* Main */ = {
			isa = PBXGroup;
			children = (
				FF1FBAC91EFD24B800FD4068 /* Model */,
				FF1FBABE1EFD140500FD4068 /* View */,
				FF1FBA9A1EFCE5BE00FD4068 /* MainViewModel.swift */,
				FF1FBAA61EFCEDEE00FD4068 /* MainViewPresenter.swift */,
			);
			name = Main;
			path = UI/Main;
			sourceTree = "<group>";
		};
		FF1FBA971EFCE54900FD4068 /* Application */ = {
			isa = PBXGroup;
			children = (
				FF1FBA981EFCE54900FD4068 /* AppDelegate.swift */,
				FF69A0391F06297D006F7674 /* OCBridge.h */,
			);
			path = Application;
			sourceTree = "<group>";
		};
		FF1FBABE1EFD140500FD4068 /* View */ = {
			isa = PBXGroup;
			children = (
				FF1FBABF1EFD140500FD4068 /* MainViewController+Bind.swift */,
				FF1FBAC21EFD140500FD4068 /* MainViewController.swift */,
				FF1FBAC71EFD141F00FD4068 /* MainViewDataSource.swift */,
			);
			path = View;
			sourceTree = "<group>";
		};
		FF1FBAC91EFD24B800FD4068 /* Model */ = {
			isa = PBXGroup;
			children = (
				FF1FBACA1EFD24D900FD4068 /* TestItem.swift */,
			);
			path = Model;
			sourceTree = "<group>";
		};
		FF1FBACC1EFD26AF00FD4068 /* Test */ = {
			isa = PBXGroup;
			children = (
				FFCB13411FA1B9FF0091E4EE /* SwiftArrayTest */,
				FF33A4E51F00D9E00052F389 /* ShadowTest */,
				FF1FBACD1EFD26BC00FD4068 /* HelloWorldViewController.swift */,
			);
			name = Test;
			path = SwiftApp/UI/Test;
			sourceTree = SOURCE_ROOT;
		};
		FF33A4E51F00D9E00052F389 /* ShadowTest */ = {
			isa = PBXGroup;
			children = (
				FF33A4E61F00D9E00052F389 /* ShadowTestViewController.swift */,
				FF33A4E81F00DA940052F389 /* ShadowTestViewHolder.swift */,
				FF33A4EC1F00E4DB0052F389 /* ShadowTestDataSource.swift */,
			);
			path = ShadowTest;
			sourceTree = "<group>";
		};
		FF5311161ED0506F0020CA2C = {
			isa = PBXGroup;
			children = (
				FF5311211ED0506F0020CA2C /* SwiftApp */,
				FF5311201ED0506F0020CA2C /* Products */,
				4DCF92928E6D8C0E709670BB /* Pods */,
				D42E6EF9417EB0CDEA13D881 /* Frameworks */,
			);
			sourceTree = "<group>";
		};
		FF5311201ED0506F0020CA2C /* Products */ = {
			isa = PBXGroup;
			children = (
				FF53111F1ED0506F0020CA2C /* SwiftApp.app */,
			);
			name = Products;
			sourceTree = "<group>";
		};
		FF5311211ED0506F0020CA2C /* SwiftApp */ = {
			isa = PBXGroup;
			children = (
				FF7AC8951F517B8A0049953A /* ThirdPartyLibrary */,
				FF1FBACC1EFD26AF00FD4068 /* Test */,
				FF1FBA971EFCE54900FD4068 /* Application */,
				FF1FBA8F1EFCBEE500FD4068 /* CustomLibrary */,
				FF1FBA901EFCBEE500FD4068 /* Main */,
				FF5311291ED0506F0020CA2C /* Assets.xcassets */,
				FF53112B1ED0506F0020CA2C /* LaunchScreen.storyboard */,
				FF53112E1ED0506F0020CA2C /* Info.plist */,
			);
			path = SwiftApp;
			sourceTree = "<group>";
		};
		FF7AC8951F517B8A0049953A /* ThirdPartyLibrary */ = {
			isa = PBXGroup;
			children = (
				FF7AC8961F517B9F0049953A /* ReactiveSwfitTest.swift */,
			);
			name = ThirdPartyLibrary;
			path = UI/ThirdPartyLibrary;
			sourceTree = "<group>";
		};
		FFCB13411FA1B9FF0091E4EE /* SwiftArrayTest */ = {
			isa = PBXGroup;
			children = (
				FFCB13421FA1BA0E0091E4EE /* SwiftArrayTest.swift */,
			);
			path = SwiftArrayTest;
			sourceTree = "<group>";
		};
/* End PBXGroup section */

/* Begin PBXNativeTarget section */
		FF53111E1ED0506F0020CA2C /* SwiftApp */ = {
			isa = PBXNativeTarget;
			buildConfigurationList = FF5311311ED0506F0020CA2C /* Build configuration list for PBXNativeTarget "SwiftApp" */;
			buildPhases = (
				5785C3FAB2F13210079C6FAE /* [CP] Check Pods Manifest.lock */,
				FF53111B1ED0506F0020CA2C /* Sources */,
				FF53111C1ED0506F0020CA2C /* Frameworks */,
				FF53111D1ED0506F0020CA2C /* Resources */,
				927DCB10127BFBEC0C56F4F0 /* [CP] Embed Pods Frameworks */,
				F0BBBB18F64155B1496AA617 /* [CP] Copy Pods Resources */,
				FF1A0CDF1F06332F001B3C9C /* CopyFiles */,
			);
			buildRules = (
			);
			dependencies = (
			);
			name = SwiftApp;
			productName = SwiftApp;
			productReference = FF53111F1ED0506F0020CA2C /* SwiftApp.app */;
			productType = "com.apple.product-type.application";
		};
/* End PBXNativeTarget section */

/* Begin PBXProject section */
		FF5311171ED0506F0020CA2C /* Project object */ = {
			isa = PBXProject;
			attributes = {
				LastSwiftUpdateCheck = 0830;
				LastUpgradeCheck = 0830;
				ORGANIZATIONNAME = Halin;
				TargetAttributes = {
					FF53111E1ED0506F0020CA2C = {
						CreatedOnToolsVersion = 8.3.2;
						DevelopmentTeam = 2X824DEQCM;
						ProvisioningStyle = Automatic;
					};
				};
			};
			buildConfigurationList = FF53111A1ED0506F0020CA2C /* Build configuration list for PBXProject "SwiftApp" */;
			compatibilityVersion = "Xcode 3.2";
			developmentRegion = English;
			hasScannedForEncodings = 0;
			knownRegions = (
				en,
				Base,
			);
			mainGroup = FF5311161ED0506F0020CA2C;
			productRefGroup = FF5311201ED0506F0020CA2C /* Products */;
			projectDirPath = "";
			projectRoot = "";
			targets = (
				FF53111E1ED0506F0020CA2C /* SwiftApp */,
			);
		};
/* End PBXProject section */

/* Begin PBXResourcesBuildPhase section */
		FF53111D1ED0506F0020CA2C /* Resources */ = {
			isa = PBXResourcesBuildPhase;
			buildActionMask = 2147483647;
			files = (
				FF53112D1ED0506F0020CA2C /* LaunchScreen.storyboard in Resources */,
				FF53112A1ED0506F0020CA2C /* Assets.xcassets in Resources */,
			);
			runOnlyForDeploymentPostprocessing = 0;
		};
/* End PBXResourcesBuildPhase section */

/* Begin PBXShellScriptBuildPhase section */
		5785C3FAB2F13210079C6FAE /* [CP] Check Pods Manifest.lock */ = {
			isa = PBXShellScriptBuildPhase;
			buildActionMask = 2147483647;
			files = (
			);
			inputPaths = (
			);
			name = "[CP] Check Pods Manifest.lock";
			outputPaths = (
			);
			runOnlyForDeploymentPostprocessing = 0;
			shellPath = /bin/sh;
			shellScript = "diff \"${PODS_PODFILE_DIR_PATH}/Podfile.lock\" \"${PODS_ROOT}/Manifest.lock\" > /dev/null\nif [ $? != 0 ] ; then\n    # print error to STDERR\n    echo \"error: The sandbox is not in sync with the Podfile.lock. Run 'pod install' or update your CocoaPods installation.\" >&2\n    exit 1\nfi\n";
			showEnvVarsInLog = 0;
		};
		927DCB10127BFBEC0C56F4F0 /* [CP] Embed Pods Frameworks */ = {
			isa = PBXShellScriptBuildPhase;
			buildActionMask = 2147483647;
			files = (
			);
			inputPaths = (
			);
			name = "[CP] Embed Pods Frameworks";
			outputPaths = (
			);
			runOnlyForDeploymentPostprocessing = 0;
			shellPath = /bin/sh;
			shellScript = "\"${SRCROOT}/Pods/Target Support Files/Pods-SwiftApp/Pods-SwiftApp-frameworks.sh\"\n";
			showEnvVarsInLog = 0;
		};
		F0BBBB18F64155B1496AA617 /* [CP] Copy Pods Resources */ = {
			isa = PBXShellScriptBuildPhase;
			buildActionMask = 2147483647;
			files = (
			);
			inputPaths = (
			);
			name = "[CP] Copy Pods Resources";
			outputPaths = (
			);
			runOnlyForDeploymentPostprocessing = 0;
			shellPath = /bin/sh;
			shellScript = "\"${SRCROOT}/Pods/Target Support Files/Pods-SwiftApp/Pods-SwiftApp-resources.sh\"\n";
			showEnvVarsInLog = 0;
		};
/* End PBXShellScriptBuildPhase section */

/* Begin PBXSourcesBuildPhase section */
		FF53111B1ED0506F0020CA2C /* Sources */ = {
			isa = PBXSourcesBuildPhase;
			buildActionMask = 2147483647;
			files = (
				FF1FBAC81EFD141F00FD4068 /* MainViewDataSource.swift in Sources */,
				FF7AC8971F517B9F0049953A /* ReactiveSwfitTest.swift in Sources */,
				FF33A4ED1F00E4DB0052F389 /* ShadowTestDataSource.swift in Sources */,
				FF33A4E91F00DA940052F389 /* ShadowTestViewHolder.swift in Sources */,
				FF1FBAC61EFD140500FD4068 /* MainViewController.swift in Sources */,
				FF1DCD421EFFC8CF00582564 /* MediatorKeys.swift in Sources */,
				FF0166341EFD5A1500CF4E9F /* MediatorViewHolder.swift in Sources */,
				FF1DCD401EFFB44700582564 /* MediatorSheetViewController.swift in Sources */,
				FF0166301EFD58CB00CF4E9F /* MediatorPushViewController.swift in Sources */,
				FF0166321EFD58E400CF4E9F /* MediatorPresentViewController.swift in Sources */,
				FF1FBACE1EFD26BC00FD4068 /* HelloWorldViewController.swift in Sources */,
				FF1FBA991EFCE54900FD4068 /* AppDelegate.swift in Sources */,
				FF1FBAC31EFD140500FD4068 /* MainViewController+Bind.swift in Sources */,
				FF1FBAA71EFCEDEE00FD4068 /* MainViewPresenter.swift in Sources */,
				FF1FBA9B1EFCE5BE00FD4068 /* MainViewModel.swift in Sources */,
				FFCB13431FA1BA0E0091E4EE /* SwiftArrayTest.swift in Sources */,
				FF33A4E71F00D9E00052F389 /* ShadowTestViewController.swift in Sources */,
				FF1FBACB1EFD24D900FD4068 /* TestItem.swift in Sources */,
			);
			runOnlyForDeploymentPostprocessing = 0;
		};
/* End PBXSourcesBuildPhase section */

/* Begin PBXVariantGroup section */
		FF53112B1ED0506F0020CA2C /* LaunchScreen.storyboard */ = {
			isa = PBXVariantGroup;
			children = (
				FF53112C1ED0506F0020CA2C /* Base */,
			);
			name = LaunchScreen.storyboard;
			sourceTree = "<group>";
		};
/* End PBXVariantGroup section */

/* Begin XCBuildConfiguration section */
		FF53112F1ED0506F0020CA2C /* Debug */ = {
			isa = XCBuildConfiguration;
			buildSettings = {
				ALWAYS_SEARCH_USER_PATHS = NO;
				CLANG_ANALYZER_NONNULL = YES;
				CLANG_ANALYZER_NUMBER_OBJECT_CONVERSION = YES_AGGRESSIVE;
				CLANG_CXX_LANGUAGE_STANDARD = "gnu++0x";
				CLANG_CXX_LIBRARY = "libc++";
				CLANG_ENABLE_MODULES = YES;
				CLANG_ENABLE_OBJC_ARC = YES;
				CLANG_WARN_BOOL_CONVERSION = YES;
				CLANG_WARN_CONSTANT_CONVERSION = YES;
				CLANG_WARN_DIRECT_OBJC_ISA_USAGE = YES_ERROR;
				CLANG_WARN_DOCUMENTATION_COMMENTS = YES;
				CLANG_WARN_EMPTY_BODY = YES;
				CLANG_WARN_ENUM_CONVERSION = YES;
				CLANG_WARN_INFINITE_RECURSION = YES;
				CLANG_WARN_INT_CONVERSION = YES;
				CLANG_WARN_OBJC_ROOT_CLASS = YES_ERROR;
				CLANG_WARN_SUSPICIOUS_MOVE = YES;
				CLANG_WARN_UNREACHABLE_CODE = YES;
				CLANG_WARN__DUPLICATE_METHOD_MATCH = YES;
				"CODE_SIGN_IDENTITY[sdk=iphoneos*]" = "iPhone Developer";
				COPY_PHASE_STRIP = NO;
				DEBUG_INFORMATION_FORMAT = dwarf;
				ENABLE_STRICT_OBJC_MSGSEND = YES;
				ENABLE_TESTABILITY = YES;
				GCC_C_LANGUAGE_STANDARD = gnu99;
				GCC_DYNAMIC_NO_PIC = NO;
				GCC_NO_COMMON_BLOCKS = YES;
				GCC_OPTIMIZATION_LEVEL = 0;
				GCC_PREPROCESSOR_DEFINITIONS = (
					"DEBUG=1",
					"$(inherited)",
				);
				GCC_WARN_64_TO_32_BIT_CONVERSION = YES;
				GCC_WARN_ABOUT_RETURN_TYPE = YES_ERROR;
				GCC_WARN_UNDECLARED_SELECTOR = YES;
				GCC_WARN_UNINITIALIZED_AUTOS = YES_AGGRESSIVE;
				GCC_WARN_UNUSED_FUNCTION = YES;
				GCC_WARN_UNUSED_VARIABLE = YES;
				IPHONEOS_DEPLOYMENT_TARGET = 8.0;
				MTL_ENABLE_DEBUG_INFO = YES;
				ONLY_ACTIVE_ARCH = YES;
				SDKROOT = iphoneos;
				SWIFT_ACTIVE_COMPILATION_CONDITIONS = DEBUG;
				SWIFT_OPTIMIZATION_LEVEL = "-Onone";
				TARGETED_DEVICE_FAMILY = "1,2";
			};
			name = Debug;
		};
		FF5311301ED0506F0020CA2C /* Release */ = {
			isa = XCBuildConfiguration;
			buildSettings = {
				ALWAYS_SEARCH_USER_PATHS = NO;
				CLANG_ANALYZER_NONNULL = YES;
				CLANG_ANALYZER_NUMBER_OBJECT_CONVERSION = YES_AGGRESSIVE;
				CLANG_CXX_LANGUAGE_STANDARD = "gnu++0x";
				CLANG_CXX_LIBRARY = "libc++";
				CLANG_ENABLE_MODULES = YES;
				CLANG_ENABLE_OBJC_ARC = YES;
				CLANG_WARN_BOOL_CONVERSION = YES;
				CLANG_WARN_CONSTANT_CONVERSION = YES;
				CLANG_WARN_DIRECT_OBJC_ISA_USAGE = YES_ERROR;
				CLANG_WARN_DOCUMENTATION_COMMENTS = YES;
				CLANG_WARN_EMPTY_BODY = YES;
				CLANG_WARN_ENUM_CONVERSION = YES;
				CLANG_WARN_INFINITE_RECURSION = YES;
				CLANG_WARN_INT_CONVERSION = YES;
				CLANG_WARN_OBJC_ROOT_CLASS = YES_ERROR;
				CLANG_WARN_SUSPICIOUS_MOVE = YES;
				CLANG_WARN_UNREACHABLE_CODE = YES;
				CLANG_WARN__DUPLICATE_METHOD_MATCH = YES;
				"CODE_SIGN_IDENTITY[sdk=iphoneos*]" = "iPhone Developer";
				COPY_PHASE_STRIP = NO;
				DEBUG_INFORMATION_FORMAT = "dwarf-with-dsym";
				ENABLE_NS_ASSERTIONS = NO;
				ENABLE_STRICT_OBJC_MSGSEND = YES;
				GCC_C_LANGUAGE_STANDARD = gnu99;
				GCC_NO_COMMON_BLOCKS = YES;
				GCC_WARN_64_TO_32_BIT_CONVERSION = YES;
				GCC_WARN_ABOUT_RETURN_TYPE = YES_ERROR;
				GCC_WARN_UNDECLARED_SELECTOR = YES;
				GCC_WARN_UNINITIALIZED_AUTOS = YES_AGGRESSIVE;
				GCC_WARN_UNUSED_FUNCTION = YES;
				GCC_WARN_UNUSED_VARIABLE = YES;
				IPHONEOS_DEPLOYMENT_TARGET = 8.0;
				MTL_ENABLE_DEBUG_INFO = NO;
				SDKROOT = iphoneos;
				SWIFT_OPTIMIZATION_LEVEL = "-Owholemodule";
				TARGETED_DEVICE_FAMILY = "1,2";
				VALIDATE_PRODUCT = YES;
			};
			name = Release;
		};
		FF5311321ED0506F0020CA2C /* Debug */ = {
			isa = XCBuildConfiguration;
			baseConfigurationReference = 27E2F2903D70D7C4A35EDB35 /* Pods-SwiftApp.debug.xcconfig */;
			buildSettings = {
				ASSETCATALOG_COMPILER_APPICON_NAME = AppIcon;
				DEVELOPMENT_TEAM = 2X824DEQCM;
				INFOPLIST_FILE = SwiftApp/Info.plist;
				IPHONEOS_DEPLOYMENT_TARGET = 8.0;
				LD_RUNPATH_SEARCH_PATHS = "$(inherited) @executable_path/Frameworks";
				PRODUCT_BUNDLE_IDENTIFIER = me.halin.SwiftApp;
				PRODUCT_NAME = "$(TARGET_NAME)";
				SWIFT_OBJC_BRIDGING_HEADER = ./SwiftApp/Application/OCBridge.h;
				SWIFT_VERSION = 3.0;
			};
			name = Debug;
		};
		FF5311331ED0506F0020CA2C /* Release */ = {
			isa = XCBuildConfiguration;
			baseConfigurationReference = E661AB260D0C965ADF94F3E1 /* Pods-SwiftApp.release.xcconfig */;
			buildSettings = {
				ASSETCATALOG_COMPILER_APPICON_NAME = AppIcon;
				DEVELOPMENT_TEAM = 2X824DEQCM;
				INFOPLIST_FILE = SwiftApp/Info.plist;
				IPHONEOS_DEPLOYMENT_TARGET = 8.0;
				LD_RUNPATH_SEARCH_PATHS = "$(inherited) @executable_path/Frameworks";
				PRODUCT_BUNDLE_IDENTIFIER = me.halin.SwiftApp;
				PRODUCT_NAME = "$(TARGET_NAME)";
				SWIFT_OBJC_BRIDGING_HEADER = ./SwiftApp/Application/OCBridge.h;
				SWIFT_VERSION = 3.0;
			};
			name = Release;
		};
/* End XCBuildConfiguration section */

/* Begin XCConfigurationList section */
		FF53111A1ED0506F0020CA2C /* Build configuration list for PBXProject "SwiftApp" */ = {
			isa = XCConfigurationList;
			buildConfigurations = (
				FF53112F1ED0506F0020CA2C /* Debug */,
				FF5311301ED0506F0020CA2C /* Release */,
			);
			defaultConfigurationIsVisible = 0;
			defaultConfigurationName = Release;
		};
		FF5311311ED0506F0020CA2C /* Build configuration list for PBXNativeTarget "SwiftApp" */ = {
			isa = XCConfigurationList;
			buildConfigurations = (
				FF5311321ED0506F0020CA2C /* Debug */,
				FF5311331ED0506F0020CA2C /* Release */,
			);
			defaultConfigurationIsVisible = 0;
			defaultConfigurationName = Release;
		};
/* End XCConfigurationList section */
	};
	rootObject = FF5311171ED0506F0020CA2C /* Project object */;
}
